
Microsoft Visual Studio Solution File, Format Version 12.00
# Visual Studio Version 16
VisualStudioVersion = 16.0.30621.155
MinimumVisualStudioVersion = 10.0.40219.1
Project("{FAE04EC0-301F-11D3-BF4B-00C04F79EFBC}") = "SchedulingApplicaion", "SchedulingApplicaion\SchedulingApplicaion.csproj", "{2DE99C7A-7BA9-43A6-B2B9-B155952A8503}"
EndProject
Global
	GlobalSection(SolutionConfigurationPlatforms) = preSolution
		Debug|Any CPU = Debug|Any CPU
		Release|Any CPU = Release|Any CPU
	EndGlobalSection
	GlobalSection(ProjectConfigurationPlatforms) = postSolution
		{2DE99C7A-7BA9-43A6-B2B9-B155952A8503}.Debug|Any CPU.ActiveCfg = Debug|Any CPU
		{2DE99C7A-7BA9-43A6-B2B9-B155952A8503}.Debug|Any CPU.Build.0 = Debug|Any CPU
		{2DE99C7A-7BA9-43A6-B2B9-B155952A8503}.Release|Any CPU.ActiveCfg = Release|Any CPU
		{2DE99C7A-7BA9-43A6-B2B9-B155952A8503}.Release|Any CPU.Build.0 = Release|Any CPU
	EndGlobalSection
	GlobalSection(SolutionProperties) = preSolution
		HideSolutionNode = FALSE
	EndGlobalSection
	GlobalSection(ExtensibilityGlobals) = postSolution
		SolutionGuid = {50CD463A-BC90-4DC9-93A0-F42B6A37F25B}
	EndGlobalSection
EndGlobal
